// !$*UTF8*$!
{
	archiveVersion = 1;
	classes = {
	};
	objectVersion = 56;
	objects = {

/* Begin PBXBuildFile section */
		BF0000000000000000000001 /* BFBApp.swift in Sources */ = {isa = PBXBuildFile; fileRef = BF0000000000000000000011 /* BFBApp.swift */; };
		BF0000000000000000000002 /* BFBTests.swift in Sources */ = {isa = PBXBuildFile; fileRef = BF0000000000000000000012 /* BFBTests.swift */; };
/* End PBXBuildFile section */

/* Begin PBXFileReference section */
		BF0000000000000000000011 /* BFBApp.swift */ = {isa = PBXFileReference; lastKnownFileType = sourcecode.swift; path = BFBApp.swift; sourceTree = "<group>"; };
		BF0000000000000000000012 /* BFBTests.swift */ = {isa = PBXFileReference; lastKnownFileType = sourcecode.swift; path = BFBTests.swift; sourceTree = "<group>"; };
		BF0000000000000000000013 /* BFB.app */ = {isa = PBXFileReference; explicitFileType = wrapper.application; includeInIndex = 0; path = BFB.app; sourceTree = BUILT_PRODUCTS_DIR; };
		BF0000000000000000000014 /* BFBTests.xctest */ = {isa = PBXFileReference; explicitFileType = wrapper.cfbundle; includeInIndex = 0; path = BFBTests.xctest; sourceTree = BUILT_PRODUCTS_DIR; };
/* End PBXFileReference section */

/* Begin PBXFrameworksBuildPhase section */
		BF0000000000000000000021 /* Frameworks */ = {
			isa = PBXFrameworksBuildPhase;
			buildActionMask = 2147483647;
			files = (
			);
			runOnlyForDeploymentPostprocessing = 0;
		};
		BF0000000000000000000022 /* Frameworks */ = {
			isa = PBXFrameworksBuildPhase;
			buildActionMask = 2147483647;
			files = (
			);
			runOnlyForDeploymentPostprocessing = 0;
		};
/* End PBXFrameworksBuildPhase section */

/* Begin PBXGroup section */
		BF0000000000000000000031 = {
			isa = PBXGroup;
			children = (
				BF0000000000000000000032 /* Sources */,
				BF0000000000000000000033 /* Tests */,
				BF0000000000000000000034 /* Products */,
			);
			sourceTree = "<group>";
		};
		BF0000000000000000000032 /* Sources */ = {
			isa = PBXGroup;
			children = (
				BF0000000000000000000011 /* BFBApp.swift */,
			);
			path = Sources/BFB;
			sourceTree = "<group>";
		};
		BF0000000000000000000033 /* Tests */ = {
			isa = PBXGroup;
			children = (
				BF0000000000000000000012 /* BFBTests.swift */,
			);
			path = Tests/BFBTests;
			sourceTree = "<group>";
		};
		BF0000000000000000000034 /* Products */ = {
			isa = PBXGroup;
			children = (
				BF0000000000000000000013 /* BFB.app */,
				BF0000000000000000000014 /* BFBTests.xctest */,
			);
			name = Products;
			sourceTree = "<group>";
		};
/* End PBXGroup section */

/* Begin PBXNativeTarget section */
		BF0000000000000000000041 /* BFB */ = {
			isa = PBXNativeTarget;
			buildConfigurationList = BF0000000000000000000051 /* Build configuration list for PBXNativeTarget "BFB" */;
			buildPhases = (
				BF0000000000000000000061 /* Sources */,
				BF0000000000000000000021 /* Frameworks */,
				BF0000000000000000000062 /* Resources */,
			);
			buildRules = (
			);
			dependencies = (
			);
			name = BFB;
			productName = BFB;
			productReference = BF0000000000000000000013 /* BFB.app */;
			productType = "com.apple.product-type.application";
		};
		BF0000000000000000000042 /* BFBTests */ = {
			isa = PBXNativeTarget;
			buildConfigurationList = BF0000000000000000000052 /* Build configuration list for PBXNativeTarget "BFBTests" */;
			buildPhases = (
				BF0000000000000000000063 /* Sources */,
				BF0000000000000000000022 /* Frameworks */,
				BF0000000000000000000064 /* Resources */,
			);
			buildRules = (
			);
			dependencies = (
			);
			name = BFBTests;
			productName = BFBTests;
			productReference = BF0000000000000000000014 /* BFBTests.xctest */;
			productType = "com.apple.product-type.bundle.unit-test";
		};
/* End PBXNativeTarget section */

/* Begin PBXProject section */
		BF0000000000000000000071 /* Project object */ = {
			isa = PBXProject;
			attributes = {
				BuildIndependentTargetsInParallel = 1;
				LastSwiftUpdateCheck = 2600;
				LastUpgradeCheck = 2600;
				TargetAttributes = {
					BF0000000000000000000041 = {
						CreatedOnToolsVersion = 26.0.1;
					};
					BF0000000000000000000042 = {
						CreatedOnToolsVersion = 26.0.1;
					};
				};
			};
			buildConfigurationList = BF0000000000000000000053 /* Build configuration list for PBXProject "BFB" */;
			compatibilityVersion = "Xcode 14.0";
			developmentRegion = en;
			hasScannedForEncodings = 0;
			knownRegions = (
				en,
				Base,
			);
			mainGroup = BF0000000000000000000031;
			productRefGroup = BF0000000000000000000034 /* Products */;
			projectDirPath = "";
			projectRoot = "";
			targets = (
				BF0000000000000000000041 /* BFB */,
				BF0000000000000000000042 /* BFBTests */,
			);
		};
/* End PBXProject section */

/* Begin PBXResourcesBuildPhase section */
		BF0000000000000000000062 /* Resources */ = {
			isa = PBXResourcesBuildPhase;
			buildActionMask = 2147483647;
			files = (
			);
			runOnlyForDeploymentPostprocessing = 0;
		};
		BF0000000000000000000064 /* Resources */ = {
			isa = PBXResourcesBuildPhase;
			buildActionMask = 2147483647;
			files = (
			);
			runOnlyForDeploymentPostprocessing = 0;
		};
/* End PBXResourcesBuildPhase section */

/* Begin PBXSourcesBuildPhase section */
		BF0000000000000000000061 /* Sources */ = {
			isa = PBXSourcesBuildPhase;
			buildActionMask = 2147483647;
			files = (
				BF0000000000000000000001 /* BFBApp.swift in Sources */,
			);
			runOnlyForDeploymentPostprocessing = 0;
		};
		BF0000000000000000000063 /* Sources */ = {
			isa = PBXSourcesBuildPhase;
			buildActionMask = 2147483647;
			files = (
				BF0000000000000000000002 /* BFBTests.swift in Sources */,
			);
			runOnlyForDeploymentPostprocessing = 0;
		};
/* End PBXSourcesBuildPhase section */

/* Begin XCBuildConfiguration section */
		BF0000000000000000000081 /* Debug */ = {
			isa = XCBuildConfiguration;
			buildSettings = {
				ALWAYS_SEARCH_USER_PATHS = NO;
				CLANG_ENABLE_MODULES = YES;
				CLANG_ENABLE_OBJC_ARC = YES;
				COPY_PHASE_STRIP = NO;
				DEBUG_INFORMATION_FORMAT = dwarf;
				ENABLE_TESTABILITY = YES;
				GCC_C_LANGUAGE_STANDARD = gnu17;
				MACOSX_DEPLOYMENT_TARGET = 15.0;
				ONLY_ACTIVE_ARCH = YES;
				SDKROOT = macosx;
				SWIFT_ACTIVE_COMPILATION_CONDITIONS = "DEBUG $(inherited)";
				SWIFT_OPTIMIZATION_LEVEL = "-Onone";
				SWIFT_VERSION = 6.0;
			};
			name = Debug;
		};
		BF0000000000000000000082 /* Release */ = {
			isa = XCBuildConfiguration;
			buildSettings = {
				ALWAYS_SEARCH_USER_PATHS = NO;
				CLANG_ENABLE_MODULES = YES;
				CLANG_ENABLE_OBJC_ARC = YES;
				COPY_PHASE_STRIP = YES;
				DEBUG_INFORMATION_FORMAT = "dwarf-with-dsym";
				GCC_C_LANGUAGE_STANDARD = gnu17;
				MACOSX_DEPLOYMENT_TARGET = 15.0;
				SDKROOT = macosx;
				SWIFT_COMPILATION_MODE = wholemodule;
				SWIFT_OPTIMIZATION_LEVEL = "-O";
				SWIFT_VERSION = 6.0;
			};
			name = Release;
		};
		BF0000000000000000000083 /* Debug */ = {
			isa = XCBuildConfiguration;
			buildSettings = {
				CODE_SIGNING_ALLOWED = NO;
				CODE_SIGNING_REQUIRED = NO;
				GENERATE_INFOPLIST_FILE = YES;
				INFOPLIST_KEY_LSApplicationCategoryType = "public.app-category.developer-tools";
				MACOSX_DEPLOYMENT_TARGET = 15.0;
				PRODUCT_BUNDLE_IDENTIFIER = com.qdis.bfb;
				PRODUCT_NAME = "$(TARGET_NAME)";
				SWIFT_EMIT_LOC_STRINGS = YES;
			};
			name = Debug;
		};
		BF0000000000000000000084 /* Release */ = {
			isa = XCBuildConfiguration;
			buildSettings = {
				CODE_SIGNING_ALLOWED = NO;
				CODE_SIGNING_REQUIRED = NO;
				GENERATE_INFOPLIST_FILE = YES;
				INFOPLIST_KEY_LSApplicationCategoryType = "public.app-category.developer-tools";
				MACOSX_DEPLOYMENT_TARGET = 15.0;
				PRODUCT_BUNDLE_IDENTIFIER = com.qdis.bfb;
				PRODUCT_NAME = "$(TARGET_NAME)";
				SWIFT_EMIT_LOC_STRINGS = YES;
			};
			name = Release;
		};
		BF0000000000000000000085 /* Debug */ = {
			isa = XCBuildConfiguration;
			buildSettings = {
				BUNDLE_LOADER = "";
				CODE_SIGNING_ALLOWED = NO;
				CODE_SIGNING_REQUIRED = NO;
				GENERATE_INFOPLIST_FILE = YES;
				MACOSX_DEPLOYMENT_TARGET = 15.0;
				PRODUCT_BUNDLE_IDENTIFIER = com.qdis.bfb.tests;
				PRODUCT_NAME = "$(TARGET_NAME)";
				SWIFT_EMIT_LOC_STRINGS = NO;
				TEST_HOST = "";
			};
			name = Debug;
		};
		BF0000000000000000000086 /* Release */ = {
			isa = XCBuildConfiguration;
			buildSettings = {
				BUNDLE_LOADER = "";
				CODE_SIGNING_ALLOWED = NO;
				CODE_SIGNING_REQUIRED = NO;
				GENERATE_INFOPLIST_FILE = YES;
				MACOSX_DEPLOYMENT_TARGET = 15.0;
				PRODUCT_BUNDLE_IDENTIFIER = com.qdis.bfb.tests;
				PRODUCT_NAME = "$(TARGET_NAME)";
				SWIFT_EMIT_LOC_STRINGS = NO;
				TEST_HOST = "";
			};
			name = Release;
		};
/* End XCBuildConfiguration section */

/* Begin XCConfigurationList section */
		BF0000000000000000000051 /* Build configuration list for PBXNativeTarget "BFB" */ = {
			isa = XCConfigurationList;
			buildConfigurations = (
				BF0000000000000000000083 /* Debug */,
				BF0000000000000000000084 /* Release */,
			);
			defaultConfigurationIsVisible = 0;
			defaultConfigurationName = Release;
		};
		BF0000000000000000000052 /* Build configuration list for PBXNativeTarget "BFBTests" */ = {
			isa = XCConfigurationList;
			buildConfigurations = (
				BF0000000000000000000085 /* Debug */,
				BF0000000000000000000086 /* Release */,
			);
			defaultConfigurationIsVisible = 0;
			defaultConfigurationName = Release;
		};
		BF0000000000000000000053 /* Build configuration list for PBXProject "BFB" */ = {
			isa = XCConfigurationList;
			buildConfigurations = (
				BF0000000000000000000081 /* Debug */,
				BF0000000000000000000082 /* Release */,
			);
			defaultConfigurationIsVisible = 0;
			defaultConfigurationName = Release;
		};
/* End XCConfigurationList section */
	};
	rootObject = BF0000000000000000000071 /* Project object */;
}
